
Microsoft Visual Studio Solution File, Format Version 12.00
# Visual Studio Version 17
VisualStudioVersion = 17.10.34928.147
MinimumVisualStudioVersion = 10.0.40219.1
Project("{FAE04EC0-301F-11D3-BF4B-00C04F79EFBC}") = "yo-samurai", "yo-samurai\yo-samurai.csproj", "{6F49ED67-5573-4589-B8F3-AB74B38A11A4}"
EndProject
Global
	GlobalSection(SolutionConfigurationPlatforms) = preSolution
		Debug|Any CPU = Debug|Any CPU
		Release|Any CPU = Release|Any CPU
	EndGlobalSection
	GlobalSection(ProjectConfigurationPlatforms) = postSolution
		{6F49ED67-5573-4589-B8F3-AB74B38A11A4}.Debug|Any CPU.ActiveCfg = Debug|Any CPU
		{6F49ED67-5573-4589-B8F3-AB74B38A11A4}.Debug|Any CPU.Build.0 = Debug|Any CPU
		{6F49ED67-5573-4589-B8F3-AB74B38A11A4}.Release|Any CPU.ActiveCfg = Release|Any CPU
		{6F49ED67-5573-4589-B8F3-AB74B38A11A4}.Release|Any CPU.Build.0 = Release|Any CPU
	EndGlobalSection
	GlobalSection(SolutionProperties) = preSolution
		HideSolutionNode = FALSE
	EndGlobalSection
	GlobalSection(ExtensibilityGlobals) = postSolution
		SolutionGuid = {CF2FCAE3-ED7E-4023-B244-53E0B36DCDBA}
	EndGlobalSection
EndGlobal
